// !$*UTF8*$!
{
	archiveVersion = 1;
	classes = {
	};
	objectVersion = 46;
	objects = {

/* Begin PBXBuildFile section */
		3F3AB7631F3A10E5007430C1 /* AppDelegate.swift in Sources */ = {isa = PBXBuildFile; fileRef = 3F3AB7621F3A10E5007430C1 /* AppDelegate.swift */; };
		3F3AB7651F3A10E5007430C1 /* ViewController.swift in Sources */ = {isa = PBXBuildFile; fileRef = 3F3AB7641F3A10E5007430C1 /* ViewController.swift */; };
		3F3AB7681F3A10E5007430C1 /* Main.storyboard in Resources */ = {isa = PBXBuildFile; fileRef = 3F3AB7661F3A10E5007430C1 /* Main.storyboard */; };
		3F3AB76A1F3A10E5007430C1 /* Assets.xcassets in Resources */ = {isa = PBXBuildFile; fileRef = 3F3AB7691F3A10E5007430C1 /* Assets.xcassets */; };
		3F3AB76D1F3A10E5007430C1 /* LaunchScreen.storyboard in Resources */ = {isa = PBXBuildFile; fileRef = 3F3AB76B1F3A10E5007430C1 /* LaunchScreen.storyboard */; };
		3F3AB7781F3A10E5007430C1 /* SegmentLocalyticsTestTests.swift in Sources */ = {isa = PBXBuildFile; fileRef = 3F3AB7771F3A10E5007430C1 /* SegmentLocalyticsTestTests.swift */; };
		3F3AB7841F3A12F7007430C1 /* Localytics.framework in Frameworks */ = {isa = PBXBuildFile; fileRef = 3F3AB7831F3A12F7007430C1 /* Localytics.framework */; };
		3F3AB78B1F3A136C007430C1 /* SEGLocalyticsIntegration.m in Sources */ = {isa = PBXBuildFile; fileRef = 3F3AB7881F3A136C007430C1 /* SEGLocalyticsIntegration.m */; };
		3F3AB78C1F3A136C007430C1 /* SEGLocalyticsIntegrationFactory.m in Sources */ = {isa = PBXBuildFile; fileRef = 3F3AB78A1F3A136C007430C1 /* SEGLocalyticsIntegrationFactory.m */; };
		3F3AB7991F3A2976007430C1 /* AdSupport.framework in Frameworks */ = {isa = PBXBuildFile; fileRef = 3F3AB7981F3A2976007430C1 /* AdSupport.framework */; };
		3F3AB79B1F3A2984007430C1 /* libsqlite3.tbd in Frameworks */ = {isa = PBXBuildFile; fileRef = 3F3AB79A1F3A2984007430C1 /* libsqlite3.tbd */; };
		3F3AB79D1F3A29A1007430C1 /* libz.tbd in Frameworks */ = {isa = PBXBuildFile; fileRef = 3F3AB79C1F3A29A1007430C1 /* libz.tbd */; };
		3F3AB79F1F3A29AB007430C1 /* CoreLocation.framework in Frameworks */ = {isa = PBXBuildFile; fileRef = 3F3AB79E1F3A29AB007430C1 /* CoreLocation.framework */; };
		3F3AB7A11F3A29B7007430C1 /* SystemConfiguration.framework in Frameworks */ = {isa = PBXBuildFile; fileRef = 3F3AB7A01F3A29B7007430C1 /* SystemConfiguration.framework */; };
/* End PBXBuildFile section */

/* Begin PBXContainerItemProxy section */
		3F3AB7741F3A10E5007430C1 /* PBXContainerItemProxy */ = {
			isa = PBXContainerItemProxy;
			containerPortal = 3F3AB7571F3A10E5007430C1 /* Project object */;
			proxyType = 1;
			remoteGlobalIDString = 3F3AB75E1F3A10E5007430C1;
			remoteInfo = SegmentLocalyticsTest;
		};
/* End PBXContainerItemProxy section */

/* Begin PBXFileReference section */
		3F3AB75F1F3A10E5007430C1 /* SegmentLocalyticsTest.app */ = {isa = PBXFileReference; explicitFileType = wrapper.application; includeInIndex = 0; path = SegmentLocalyticsTest.app; sourceTree = BUILT_PRODUCTS_DIR; };
		3F3AB7621F3A10E5007430C1 /* AppDelegate.swift */ = {isa = PBXFileReference; lastKnownFileType = sourcecode.swift; path = AppDelegate.swift; sourceTree = "<group>"; };
		3F3AB7641F3A10E5007430C1 /* ViewController.swift */ = {isa = PBXFileReference; lastKnownFileType = sourcecode.swift; path = ViewController.swift; sourceTree = "<group>"; };
		3F3AB7671F3A10E5007430C1 /* Base */ = {isa = PBXFileReference; lastKnownFileType = file.storyboard; name = Base; path = Base.lproj/Main.storyboard; sourceTree = "<group>"; };
		3F3AB7691F3A10E5007430C1 /* Assets.xcassets */ = {isa = PBXFileReference; lastKnownFileType = folder.assetcatalog; path = Assets.xcassets; sourceTree = "<group>"; };
		3F3AB76C1F3A10E5007430C1 /* Base */ = {isa = PBXFileReference; lastKnownFileType = file.storyboard; name = Base; path = Base.lproj/LaunchScreen.storyboard; sourceTree = "<group>"; };
		3F3AB76E1F3A10E5007430C1 /* Info.plist */ = {isa = PBXFileReference; lastKnownFileType = text.plist.xml; path = Info.plist; sourceTree = "<group>"; };
		3F3AB7731F3A10E5007430C1 /* SegmentLocalyticsTestTests.xctest */ = {isa = PBXFileReference; explicitFileType = wrapper.cfbundle; includeInIndex = 0; path = SegmentLocalyticsTestTests.xctest; sourceTree = BUILT_PRODUCTS_DIR; };
		3F3AB7771F3A10E5007430C1 /* SegmentLocalyticsTestTests.swift */ = {isa = PBXFileReference; lastKnownFileType = sourcecode.swift; path = SegmentLocalyticsTestTests.swift; sourceTree = "<group>"; };
		3F3AB7791F3A10E5007430C1 /* Info.plist */ = {isa = PBXFileReference; lastKnownFileType = text.plist.xml; path = Info.plist; sourceTree = "<group>"; };
		3F3AB7831F3A12F7007430C1 /* Localytics.framework */ = {isa = PBXFileReference; lastKnownFileType = wrapper.framework; path = Localytics.framework; sourceTree = "<group>"; };
		3F3AB7861F3A136B007430C1 /* SegmentLocalyticsTest-Bridging-Header.h */ = {isa = PBXFileReference; lastKnownFileType = sourcecode.c.h; path = "SegmentLocalyticsTest-Bridging-Header.h"; sourceTree = "<group>"; };
		3F3AB7871F3A136C007430C1 /* SEGLocalyticsIntegration.h */ = {isa = PBXFileReference; fileEncoding = 4; lastKnownFileType = sourcecode.c.h; path = SEGLocalyticsIntegration.h; sourceTree = "<group>"; };
		3F3AB7881F3A136C007430C1 /* SEGLocalyticsIntegration.m */ = {isa = PBXFileReference; fileEncoding = 4; lastKnownFileType = sourcecode.c.objc; path = SEGLocalyticsIntegration.m; sourceTree = "<group>"; };
		3F3AB7891F3A136C007430C1 /* SEGLocalyticsIntegrationFactory.h */ = {isa = PBXFileReference; fileEncoding = 4; lastKnownFileType = sourcecode.c.h; path = SEGLocalyticsIntegrationFactory.h; sourceTree = "<group>"; };
		3F3AB78A1F3A136C007430C1 /* SEGLocalyticsIntegrationFactory.m */ = {isa = PBXFileReference; fileEncoding = 4; lastKnownFileType = sourcecode.c.objc; path = SEGLocalyticsIntegrationFactory.m; sourceTree = "<group>"; };
		3F3AB7981F3A2976007430C1 /* AdSupport.framework */ = {isa = PBXFileReference; lastKnownFileType = wrapper.framework; name = AdSupport.framework; path = System/Library/Frameworks/AdSupport.framework; sourceTree = SDKROOT; };
		3F3AB79A1F3A2984007430C1 /* libsqlite3.tbd */ = {isa = PBXFileReference; lastKnownFileType = "sourcecode.text-based-dylib-definition"; name = libsqlite3.tbd; path = usr/lib/libsqlite3.tbd; sourceTree = SDKROOT; };
		3F3AB79C1F3A29A1007430C1 /* libz.tbd */ = {isa = PBXFileReference; lastKnownFileType = "sourcecode.text-based-dylib-definition"; name = libz.tbd; path = usr/lib/libz.tbd; sourceTree = SDKROOT; };
		3F3AB79E1F3A29AB007430C1 /* CoreLocation.framework */ = {isa = PBXFileReference; lastKnownFileType = wrapper.framework; name = CoreLocation.framework; path = System/Library/Frameworks/CoreLocation.framework; sourceTree = SDKROOT; };
		3F3AB7A01F3A29B7007430C1 /* SystemConfiguration.framework */ = {isa = PBXFileReference; lastKnownFileType = wrapper.framework; name = SystemConfiguration.framework; path = System/Library/Frameworks/SystemConfiguration.framework; sourceTree = SDKROOT; };
/* End PBXFileReference section */

/* Begin PBXFrameworksBuildPhase section */
		3F3AB75C1F3A10E5007430C1 /* Frameworks */ = {
			isa = PBXFrameworksBuildPhase;
			buildActionMask = 2147483647;
			files = (
				3F3AB7A11F3A29B7007430C1 /* SystemConfiguration.framework in Frameworks */,
				3F3AB79F1F3A29AB007430C1 /* CoreLocation.framework in Frameworks */,
				3F3AB79D1F3A29A1007430C1 /* libz.tbd in Frameworks */,
				3F3AB79B1F3A2984007430C1 /* libsqlite3.tbd in Frameworks */,
				3F3AB7991F3A2976007430C1 /* AdSupport.framework in Frameworks */,
				3F3AB7841F3A12F7007430C1 /* Localytics.framework in Frameworks */,
			);
			runOnlyForDeploymentPostprocessing = 0;
		};
		3F3AB7701F3A10E5007430C1 /* Frameworks */ = {
			isa = PBXFrameworksBuildPhase;
			buildActionMask = 2147483647;
			files = (
			);
			runOnlyForDeploymentPostprocessing = 0;
		};
/* End PBXFrameworksBuildPhase section */

/* Begin PBXGroup section */
		3F3AB7561F3A10E5007430C1 = {
			isa = PBXGroup;
			children = (
				3F3AB7821F3A12C4007430C1 /* Frameworks */,
				3F3AB7611F3A10E5007430C1 /* SegmentLocalyticsTest */,
				3F3AB7761F3A10E5007430C1 /* SegmentLocalyticsTestTests */,
				3F3AB7601F3A10E5007430C1 /* Products */,
			);
			sourceTree = "<group>";
		};
		3F3AB7601F3A10E5007430C1 /* Products */ = {
			isa = PBXGroup;
			children = (
				3F3AB75F1F3A10E5007430C1 /* SegmentLocalyticsTest.app */,
				3F3AB7731F3A10E5007430C1 /* SegmentLocalyticsTestTests.xctest */,
			);
			name = Products;
			sourceTree = "<group>";
		};
		3F3AB7611F3A10E5007430C1 /* SegmentLocalyticsTest */ = {
			isa = PBXGroup;
			children = (
				3F3AB7621F3A10E5007430C1 /* AppDelegate.swift */,
				3F3AB7641F3A10E5007430C1 /* ViewController.swift */,
				3F3AB7661F3A10E5007430C1 /* Main.storyboard */,
				3F3AB7691F3A10E5007430C1 /* Assets.xcassets */,
				3F3AB76B1F3A10E5007430C1 /* LaunchScreen.storyboard */,
				3F3AB76E1F3A10E5007430C1 /* Info.plist */,
			);
			path = SegmentLocalyticsTest;
			sourceTree = "<group>";
		};
		3F3AB7761F3A10E5007430C1 /* SegmentLocalyticsTestTests */ = {
			isa = PBXGroup;
			children = (
				3F3AB7771F3A10E5007430C1 /* SegmentLocalyticsTestTests.swift */,
				3F3AB7791F3A10E5007430C1 /* Info.plist */,
			);
			path = SegmentLocalyticsTestTests;
			sourceTree = "<group>";
		};
		3F3AB7821F3A12C4007430C1 /* Frameworks */ = {
			isa = PBXGroup;
			children = (
				3F3AB7A01F3A29B7007430C1 /* SystemConfiguration.framework */,
				3F3AB79E1F3A29AB007430C1 /* CoreLocation.framework */,
				3F3AB79C1F3A29A1007430C1 /* libz.tbd */,
				3F3AB79A1F3A2984007430C1 /* libsqlite3.tbd */,
				3F3AB7981F3A2976007430C1 /* AdSupport.framework */,
				3F3AB7851F3A1321007430C1 /* Segment_Localytics */,
				3F3AB7831F3A12F7007430C1 /* Localytics.framework */,
			);
			path = Frameworks;
			sourceTree = "<group>";
		};
		3F3AB7851F3A1321007430C1 /* Segment_Localytics */ = {
			isa = PBXGroup;
			children = (
				3F3AB7871F3A136C007430C1 /* SEGLocalyticsIntegration.h */,
				3F3AB7881F3A136C007430C1 /* SEGLocalyticsIntegration.m */,
				3F3AB7891F3A136C007430C1 /* SEGLocalyticsIntegrationFactory.h */,
				3F3AB78A1F3A136C007430C1 /* SEGLocalyticsIntegrationFactory.m */,
				3F3AB7861F3A136B007430C1 /* SegmentLocalyticsTest-Bridging-Header.h */,
			);
			name = Segment_Localytics;
			path = "Segment-Localytics";
			sourceTree = "<group>";
		};
/* End PBXGroup section */

/* Begin PBXNativeTarget section */
		3F3AB75E1F3A10E5007430C1 /* SegmentLocalyticsTest */ = {
			isa = PBXNativeTarget;
			buildConfigurationList = 3F3AB77C1F3A10E5007430C1 /* Build configuration list for PBXNativeTarget "SegmentLocalyticsTest" */;
			buildPhases = (
				3F3AB75B1F3A10E5007430C1 /* Sources */,
				3F3AB75C1F3A10E5007430C1 /* Frameworks */,
				3F3AB75D1F3A10E5007430C1 /* Resources */,
				3F3AB78F1F3A178E007430C1 /* ShellScript */,
			);
			buildRules = (
			);
			dependencies = (
			);
			name = SegmentLocalyticsTest;
			productName = SegmentLocalyticsTest;
			productReference = 3F3AB75F1F3A10E5007430C1 /* SegmentLocalyticsTest.app */;
			productType = "com.apple.product-type.application";
		};
		3F3AB7721F3A10E5007430C1 /* SegmentLocalyticsTestTests */ = {
			isa = PBXNativeTarget;
			buildConfigurationList = 3F3AB77F1F3A10E5007430C1 /* Build configuration list for PBXNativeTarget "SegmentLocalyticsTestTests" */;
			buildPhases = (
				3F3AB76F1F3A10E5007430C1 /* Sources */,
				3F3AB7701F3A10E5007430C1 /* Frameworks */,
				3F3AB7711F3A10E5007430C1 /* Resources */,
			);
			buildRules = (
			);
			dependencies = (
				3F3AB7751F3A10E5007430C1 /* PBXTargetDependency */,
			);
			name = SegmentLocalyticsTestTests;
			productName = SegmentLocalyticsTestTests;
			productReference = 3F3AB7731F3A10E5007430C1 /* SegmentLocalyticsTestTests.xctest */;
			productType = "com.apple.product-type.bundle.unit-test";
		};
/* End PBXNativeTarget section */

/* Begin PBXProject section */
		3F3AB7571F3A10E5007430C1 /* Project object */ = {
			isa = PBXProject;
			attributes = {
				LastSwiftUpdateCheck = 0820;
				LastUpgradeCheck = 0820;
				ORGANIZATIONNAME = Lester;
				TargetAttributes = {
					3F3AB75E1F3A10E5007430C1 = {
						CreatedOnToolsVersion = 8.2.1;
						LastSwiftMigration = 0820;
						ProvisioningStyle = Manual;
					};
					3F3AB7721F3A10E5007430C1 = {
						CreatedOnToolsVersion = 8.2.1;
						ProvisioningStyle = Automatic;
						TestTargetID = 3F3AB75E1F3A10E5007430C1;
					};
				};
			};
			buildConfigurationList = 3F3AB75A1F3A10E5007430C1 /* Build configuration list for PBXProject "SegmentLocalyticsTest" */;
			compatibilityVersion = "Xcode 3.2";
			developmentRegion = English;
			hasScannedForEncodings = 0;
			knownRegions = (
				en,
				Base,
			);
			mainGroup = 3F3AB7561F3A10E5007430C1;
			productRefGroup = 3F3AB7601F3A10E5007430C1 /* Products */;
			projectDirPath = "";
			projectRoot = "";
			targets = (
				3F3AB75E1F3A10E5007430C1 /* SegmentLocalyticsTest */,
				3F3AB7721F3A10E5007430C1 /* SegmentLocalyticsTestTests */,
			);
		};
/* End PBXProject section */

/* Begin PBXResourcesBuildPhase section */
		3F3AB75D1F3A10E5007430C1 /* Resources */ = {
			isa = PBXResourcesBuildPhase;
			buildActionMask = 2147483647;
			files = (
				3F3AB76D1F3A10E5007430C1 /* LaunchScreen.storyboard in Resources */,
				3F3AB76A1F3A10E5007430C1 /* Assets.xcassets in Resources */,
				3F3AB7681F3A10E5007430C1 /* Main.storyboard in Resources */,
			);
			runOnlyForDeploymentPostprocessing = 0;
		};
		3F3AB7711F3A10E5007430C1 /* Resources */ = {
			isa = PBXResourcesBuildPhase;
			buildActionMask = 2147483647;
			files = (
			);
			runOnlyForDeploymentPostprocessing = 0;
		};
/* End PBXResourcesBuildPhase section */

/* Begin PBXShellScriptBuildPhase section */
		3F3AB78F1F3A178E007430C1 /* ShellScript */ = {
			isa = PBXShellScriptBuildPhase;
			buildActionMask = 2147483647;
			files = (
			);
			inputPaths = (
				"$(SRCROOT)/Carthage/Build/iOS/Analytics.framework",
			);
			outputPaths = (
			);
			runOnlyForDeploymentPostprocessing = 0;
			shellPath = /bin/sh;
			shellScript = "/usr/local/bin/carthage copy-frameworks";
		};
/* End PBXShellScriptBuildPhase section */

/* Begin PBXSourcesBuildPhase section */
		3F3AB75B1F3A10E5007430C1 /* Sources */ = {
			isa = PBXSourcesBuildPhase;
			buildActionMask = 2147483647;
			files = (
				3F3AB7651F3A10E5007430C1 /* ViewController.swift in Sources */,
				3F3AB7631F3A10E5007430C1 /* AppDelegate.swift in Sources */,
				3F3AB78C1F3A136C007430C1 /* SEGLocalyticsIntegrationFactory.m in Sources */,
				3F3AB78B1F3A136C007430C1 /* SEGLocalyticsIntegration.m in Sources */,
			);
			runOnlyForDeploymentPostprocessing = 0;
		};
		3F3AB76F1F3A10E5007430C1 /* Sources */ = {
			isa = PBXSourcesBuildPhase;
			buildActionMask = 2147483647;
			files = (
				3F3AB7781F3A10E5007430C1 /* SegmentLocalyticsTestTests.swift in Sources */,
			);
			runOnlyForDeploymentPostprocessing = 0;
		};
/* End PBXSourcesBuildPhase section */

/* Begin PBXTargetDependency section */
		3F3AB7751F3A10E5007430C1 /* PBXTargetDependency */ = {
			isa = PBXTargetDependency;
			target = 3F3AB75E1F3A10E5007430C1 /* SegmentLocalyticsTest */;
			targetProxy = 3F3AB7741F3A10E5007430C1 /* PBXContainerItemProxy */;
		};
/* End PBXTargetDependency section */

/* Begin PBXVariantGroup section */
		3F3AB7661F3A10E5007430C1 /* Main.storyboard */ = {
			isa = PBXVariantGroup;
			children = (
				3F3AB7671F3A10E5007430C1 /* Base */,
			);
			name = Main.storyboard;
			sourceTree = "<group>";
		};
		3F3AB76B1F3A10E5007430C1 /* LaunchScreen.storyboard */ = {
			isa = PBXVariantGroup;
			children = (
				3F3AB76C1F3A10E5007430C1 /* Base */,
			);
			name = LaunchScreen.storyboard;
			sourceTree = "<group>";
		};
/* End PBXVariantGroup section */

/* Begin XCBuildConfiguration section */
		3F3AB77A1F3A10E5007430C1 /* Debug */ = {
			isa = XCBuildConfiguration;
			buildSettings = {
				ALWAYS_SEARCH_USER_PATHS = NO;
				CLANG_ANALYZER_NONNULL = YES;
				CLANG_CXX_LANGUAGE_STANDARD = "gnu++0x";
				CLANG_CXX_LIBRARY = "libc++";
				CLANG_ENABLE_MODULES = YES;
				CLANG_ENABLE_OBJC_ARC = YES;
				CLANG_WARN_BOOL_CONVERSION = YES;
				CLANG_WARN_CONSTANT_CONVERSION = YES;
				CLANG_WARN_DIRECT_OBJC_ISA_USAGE = YES_ERROR;
				CLANG_WARN_DOCUMENTATION_COMMENTS = YES;
				CLANG_WARN_EMPTY_BODY = YES;
				CLANG_WARN_ENUM_CONVERSION = YES;
				CLANG_WARN_INFINITE_RECURSION = YES;
				CLANG_WARN_INT_CONVERSION = YES;
				CLANG_WARN_OBJC_ROOT_CLASS = YES_ERROR;
				CLANG_WARN_SUSPICIOUS_MOVE = YES;
				CLANG_WARN_UNREACHABLE_CODE = YES;
				CLANG_WARN__DUPLICATE_METHOD_MATCH = YES;
				"CODE_SIGN_IDENTITY[sdk=iphoneos*]" = "iPhone Developer";
				COPY_PHASE_STRIP = NO;
				DEBUG_INFORMATION_FORMAT = dwarf;
				ENABLE_STRICT_OBJC_MSGSEND = YES;
				ENABLE_TESTABILITY = YES;
				GCC_C_LANGUAGE_STANDARD = gnu99;
				GCC_DYNAMIC_NO_PIC = NO;
				GCC_NO_COMMON_BLOCKS = YES;
				GCC_OPTIMIZATION_LEVEL = 0;
				GCC_PREPROCESSOR_DEFINITIONS = (
					"DEBUG=1",
					"$(inherited)",
				);
				GCC_WARN_64_TO_32_BIT_CONVERSION = YES;
				GCC_WARN_ABOUT_RETURN_TYPE = YES_ERROR;
				GCC_WARN_UNDECLARED_SELECTOR = YES;
				GCC_WARN_UNINITIALIZED_AUTOS = YES_AGGRESSIVE;
				GCC_WARN_UNUSED_FUNCTION = YES;
				GCC_WARN_UNUSED_VARIABLE = YES;
				IPHONEOS_DEPLOYMENT_TARGET = 10.2;
				MTL_ENABLE_DEBUG_INFO = YES;
				ONLY_ACTIVE_ARCH = YES;
				SDKROOT = iphoneos;
				SWIFT_ACTIVE_COMPILATION_CONDITIONS = DEBUG;
				SWIFT_OPTIMIZATION_LEVEL = "-Onone";
				TARGETED_DEVICE_FAMILY = "1,2";
			};
			name = Debug;
		};
		3F3AB77B1F3A10E5007430C1 /* Release */ = {
			isa = XCBuildConfiguration;
			buildSettings = {
				ALWAYS_SEARCH_USER_PATHS = NO;
				CLANG_ANALYZER_NONNULL = YES;
				CLANG_CXX_LANGUAGE_STANDARD = "gnu++0x";
				CLANG_CXX_LIBRARY = "libc++";
				CLANG_ENABLE_MODULES = YES;
				CLANG_ENABLE_OBJC_ARC = YES;
				CLANG_WARN_BOOL_CONVERSION = YES;
				CLANG_WARN_CONSTANT_CONVERSION = YES;
				CLANG_WARN_DIRECT_OBJC_ISA_USAGE = YES_ERROR;
				CLANG_WARN_DOCUMENTATION_COMMENTS = YES;
				CLANG_WARN_EMPTY_BODY = YES;
				CLANG_WARN_ENUM_CONVERSION = YES;
				CLANG_WARN_INFINITE_RECURSION = YES;
				CLANG_WARN_INT_CONVERSION = YES;
				CLANG_WARN_OBJC_ROOT_CLASS = YES_ERROR;
				CLANG_WARN_SUSPICIOUS_MOVE = YES;
				CLANG_WARN_UNREACHABLE_CODE = YES;
				CLANG_WARN__DUPLICATE_METHOD_MATCH = YES;
				"CODE_SIGN_IDENTITY[sdk=iphoneos*]" = "iPhone Developer";
				COPY_PHASE_STRIP = NO;
				DEBUG_INFORMATION_FORMAT = "dwarf-with-dsym";
				ENABLE_NS_ASSERTIONS = NO;
				ENABLE_STRICT_OBJC_MSGSEND = YES;
				GCC_C_LANGUAGE_STANDARD = gnu99;
				GCC_NO_COMMON_BLOCKS = YES;
				GCC_WARN_64_TO_32_BIT_CONVERSION = YES;
				GCC_WARN_ABOUT_RETURN_TYPE = YES_ERROR;
				GCC_WARN_UNDECLARED_SELECTOR = YES;
				GCC_WARN_UNINITIALIZED_AUTOS = YES_AGGRESSIVE;
				GCC_WARN_UNUSED_FUNCTION = YES;
				GCC_WARN_UNUSED_VARIABLE = YES;
				IPHONEOS_DEPLOYMENT_TARGET = 10.2;
				MTL_ENABLE_DEBUG_INFO = NO;
				SDKROOT = iphoneos;
				SWIFT_OPTIMIZATION_LEVEL = "-Owholemodule";
				TARGETED_DEVICE_FAMILY = "1,2";
				VALIDATE_PRODUCT = YES;
			};
			name = Release;
		};
		3F3AB77D1F3A10E5007430C1 /* Debug */ = {
			isa = XCBuildConfiguration;
			buildSettings = {
				ASSETCATALOG_COMPILER_APPICON_NAME = AppIcon;
				CLANG_ENABLE_MODULES = YES;
				DEVELOPMENT_TEAM = "";
				FRAMEWORK_SEARCH_PATHS = (
					"$(inherited)",
					"$(PROJECT_DIR)/Frameworks",
				);
				INFOPLIST_FILE = SegmentLocalyticsTest/Info.plist;
				IPHONEOS_DEPLOYMENT_TARGET = 9.0;
				LD_RUNPATH_SEARCH_PATHS = "$(inherited) @executable_path/Frameworks";
				PRODUCT_BUNDLE_IDENTIFIER = com.home.SegmentLocalyticsTest;
				PRODUCT_NAME = "$(TARGET_NAME)";
				SWIFT_OBJC_BRIDGING_HEADER = "Frameworks/Segment-Localytics/SegmentLocalyticsTest-Bridging-Header.h";
				SWIFT_OPTIMIZATION_LEVEL = "-Onone";
				SWIFT_VERSION = 3.0;
			};
			name = Debug;
		};
		3F3AB77E1F3A10E5007430C1 /* Release */ = {
			isa = XCBuildConfiguration;
			buildSettings = {
				ASSETCATALOG_COMPILER_APPICON_NAME = AppIcon;
				CLANG_ENABLE_MODULES = YES;
				DEVELOPMENT_TEAM = "";
				FRAMEWORK_SEARCH_PATHS = (
					"$(inherited)",
					"$(PROJECT_DIR)/Frameworks",
				);
				INFOPLIST_FILE = SegmentLocalyticsTest/Info.plist;
				IPHONEOS_DEPLOYMENT_TARGET = 9.0;
				LD_RUNPATH_SEARCH_PATHS = "$(inherited) @executable_path/Frameworks";
				PRODUCT_BUNDLE_IDENTIFIER = com.home.SegmentLocalyticsTest;
				PRODUCT_NAME = "$(TARGET_NAME)";
				SWIFT_OBJC_BRIDGING_HEADER = "Frameworks/Segment-Localytics/SegmentLocalyticsTest-Bridging-Header.h";
				SWIFT_VERSION = 3.0;
			};
			name = Release;
		};
		3F3AB7801F3A10E5007430C1 /* Debug */ = {
			isa = XCBuildConfiguration;
			buildSettings = {
				ALWAYS_EMBED_SWIFT_STANDARD_LIBRARIES = YES;
				BUNDLE_LOADER = "$(TEST_HOST)";
				INFOPLIST_FILE = SegmentLocalyticsTestTests/Info.plist;
				LD_RUNPATH_SEARCH_PATHS = "$(inherited) @executable_path/Frameworks @loader_path/Frameworks";
				PRODUCT_BUNDLE_IDENTIFIER = com.home.SegmentLocalyticsTestTests;
				PRODUCT_NAME = "$(TARGET_NAME)";
				SWIFT_VERSION = 3.0;
				TEST_HOST = "$(BUILT_PRODUCTS_DIR)/SegmentLocalyticsTest.app/SegmentLocalyticsTest";
			};
			name = Debug;
		};
		3F3AB7811F3A10E5007430C1 /* Release */ = {
			isa = XCBuildConfiguration;
			buildSettings = {
				ALWAYS_EMBED_SWIFT_STANDARD_LIBRARIES = YES;
				BUNDLE_LOADER = "$(TEST_HOST)";
				INFOPLIST_FILE = SegmentLocalyticsTestTests/Info.plist;
				LD_RUNPATH_SEARCH_PATHS = "$(inherited) @executable_path/Frameworks @loader_path/Frameworks";
				PRODUCT_BUNDLE_IDENTIFIER = com.home.SegmentLocalyticsTestTests;
				PRODUCT_NAME = "$(TARGET_NAME)";
				SWIFT_VERSION = 3.0;
				TEST_HOST = "$(BUILT_PRODUCTS_DIR)/SegmentLocalyticsTest.app/SegmentLocalyticsTest";
			};
			name = Release;
		};
/* End XCBuildConfiguration section */

/* Begin XCConfigurationList section */
		3F3AB75A1F3A10E5007430C1 /* Build configuration list for PBXProject "SegmentLocalyticsTest" */ = {
			isa = XCConfigurationList;
			buildConfigurations = (
				3F3AB77A1F3A10E5007430C1 /* Debug */,
				3F3AB77B1F3A10E5007430C1 /* Release */,
			);
			defaultConfigurationIsVisible = 0;
			defaultConfigurationName = Release;
		};
		3F3AB77C1F3A10E5007430C1 /* Build configuration list for PBXNativeTarget "SegmentLocalyticsTest" */ = {
			isa = XCConfigurationList;
			buildConfigurations = (
				3F3AB77D1F3A10E5007430C1 /* Debug */,
				3F3AB77E1F3A10E5007430C1 /* Release */,
			);
			defaultConfigurationIsVisible = 0;
		};
		3F3AB77F1F3A10E5007430C1 /* Build configuration list for PBXNativeTarget "SegmentLocalyticsTestTests" */ = {
			isa = XCConfigurationList;
			buildConfigurations = (
				3F3AB7801F3A10E5007430C1 /* Debug */,
				3F3AB7811F3A10E5007430C1 /* Release */,
			);
			defaultConfigurationIsVisible = 0;
		};
/* End XCConfigurationList section */
	};
	rootObject = 3F3AB7571F3A10E5007430C1 /* Project object */;
}
